// !$*UTF8*$!
{
	archiveVersion = 1;
	classes = {
	};
	objectVersion = 56;
	objects = {

/* Begin PBXBuildFile section */
		1780543F2B861C020072F121 /* ViewIdentityProjectApp.swift in Sources */ = {isa = PBXBuildFile; fileRef = 1780543E2B861C020072F121 /* ViewIdentityProjectApp.swift */; };
		178054432B861C030072F121 /* Assets.xcassets in Resources */ = {isa = PBXBuildFile; fileRef = 178054422B861C030072F121 /* Assets.xcassets */; };
		178054472B861C030072F121 /* Preview Assets.xcassets in Resources */ = {isa = PBXBuildFile; fileRef = 178054462B861C030072F121 /* Preview Assets.xcassets */; };
		178054522B861C210072F121 /* Color+helper.swift in Sources */ = {isa = PBXBuildFile; fileRef = 1780544F2B861C210072F121 /* Color+helper.swift */; };
		178054532B861C210072F121 /* View+test.swift in Sources */ = {isa = PBXBuildFile; fileRef = 178054502B861C210072F121 /* View+test.swift */; };
		178054552B861C2D0072F121 /* ColorListView.swift in Sources */ = {isa = PBXBuildFile; fileRef = 178054542B861C2D0072F121 /* ColorListView.swift */; };
		178054972B861EF00072F121 /* ViewIdentityProblemView.swift in Sources */ = {isa = PBXBuildFile; fileRef = 178054952B861EF00072F121 /* ViewIdentityProblemView.swift */; };
		178054982B861EF00072F121 /* SockTrackerView.swift in Sources */ = {isa = PBXBuildFile; fileRef = 178054962B861EF00072F121 /* SockTrackerView.swift */; };
		1780549A2B861F010072F121 /* Fruit.swift in Sources */ = {isa = PBXBuildFile; fileRef = 178054992B861F010072F121 /* Fruit.swift */; };
		1780549C2B861F0D0072F121 /* Socks.swift in Sources */ = {isa = PBXBuildFile; fileRef = 1780549B2B861F0D0072F121 /* Socks.swift */; };
		178054C42B8620790072F121 /* View+print.swift in Sources */ = {isa = PBXBuildFile; fileRef = 178054C32B8620790072F121 /* View+print.swift */; };
		178C91822B8F45A000CD6551 /* FruitPopoverView.swift in Sources */ = {isa = PBXBuildFile; fileRef = 178C91812B8F45A000CD6551 /* FruitPopoverView.swift */; };
/* End PBXBuildFile section */

/* Begin PBXFileReference section */
		1780543B2B861C020072F121 /* ViewIdentityProject.app */ = {isa = PBXFileReference; explicitFileType = wrapper.application; includeInIndex = 0; path = ViewIdentityProject.app; sourceTree = BUILT_PRODUCTS_DIR; };
		1780543E2B861C020072F121 /* ViewIdentityProjectApp.swift */ = {isa = PBXFileReference; lastKnownFileType = sourcecode.swift; path = ViewIdentityProjectApp.swift; sourceTree = "<group>"; };
		178054422B861C030072F121 /* Assets.xcassets */ = {isa = PBXFileReference; lastKnownFileType = folder.assetcatalog; path = Assets.xcassets; sourceTree = "<group>"; };
		178054442B861C030072F121 /* ViewIdentityProject.entitlements */ = {isa = PBXFileReference; lastKnownFileType = text.plist.entitlements; path = ViewIdentityProject.entitlements; sourceTree = "<group>"; };
		178054462B861C030072F121 /* Preview Assets.xcassets */ = {isa = PBXFileReference; lastKnownFileType = folder.assetcatalog; path = "Preview Assets.xcassets"; sourceTree = "<group>"; };
		1780544F2B861C210072F121 /* Color+helper.swift */ = {isa = PBXFileReference; fileEncoding = 4; lastKnownFileType = sourcecode.swift; path = "Color+helper.swift"; sourceTree = "<group>"; };
		178054502B861C210072F121 /* View+test.swift */ = {isa = PBXFileReference; fileEncoding = 4; lastKnownFileType = sourcecode.swift; path = "View+test.swift"; sourceTree = "<group>"; };
		178054542B861C2D0072F121 /* ColorListView.swift */ = {isa = PBXFileReference; fileEncoding = 4; lastKnownFileType = sourcecode.swift; path = ColorListView.swift; sourceTree = "<group>"; };
		178054952B861EF00072F121 /* ViewIdentityProblemView.swift */ = {isa = PBXFileReference; fileEncoding = 4; lastKnownFileType = sourcecode.swift; path = ViewIdentityProblemView.swift; sourceTree = "<group>"; };
		178054962B861EF00072F121 /* SockTrackerView.swift */ = {isa = PBXFileReference; fileEncoding = 4; lastKnownFileType = sourcecode.swift; path = SockTrackerView.swift; sourceTree = "<group>"; };
		178054992B861F010072F121 /* Fruit.swift */ = {isa = PBXFileReference; fileEncoding = 4; lastKnownFileType = sourcecode.swift; path = Fruit.swift; sourceTree = "<group>"; };
		1780549B2B861F0D0072F121 /* Socks.swift */ = {isa = PBXFileReference; lastKnownFileType = sourcecode.swift; path = Socks.swift; sourceTree = "<group>"; };
		178054C32B8620790072F121 /* View+print.swift */ = {isa = PBXFileReference; fileEncoding = 4; lastKnownFileType = sourcecode.swift; path = "View+print.swift"; sourceTree = "<group>"; };
		178C91812B8F45A000CD6551 /* FruitPopoverView.swift */ = {isa = PBXFileReference; lastKnownFileType = sourcecode.swift; path = FruitPopoverView.swift; sourceTree = "<group>"; };
/* End PBXFileReference section */

/* Begin PBXFrameworksBuildPhase section */
		178054382B861C020072F121 /* Frameworks */ = {
			isa = PBXFrameworksBuildPhase;
			buildActionMask = 2147483647;
			files = (
			);
			runOnlyForDeploymentPostprocessing = 0;
		};
/* End PBXFrameworksBuildPhase section */

/* Begin PBXGroup section */
		178054322B861C020072F121 = {
			isa = PBXGroup;
			children = (
				1780543D2B861C020072F121 /* ViewIdentityProject */,
				1780543C2B861C020072F121 /* Products */,
			);
			sourceTree = "<group>";
		};
		1780543C2B861C020072F121 /* Products */ = {
			isa = PBXGroup;
			children = (
				1780543B2B861C020072F121 /* ViewIdentityProject.app */,
			);
			name = Products;
			sourceTree = "<group>";
		};
		1780543D2B861C020072F121 /* ViewIdentityProject */ = {
			isa = PBXGroup;
			children = (
				1780543E2B861C020072F121 /* ViewIdentityProjectApp.swift */,
				1780544E2B861C180072F121 /* Views */,
				1780544D2B861C0E0072F121 /* Model */,
				178054512B861C210072F121 /* Helper */,
				178054422B861C030072F121 /* Assets.xcassets */,
				178054442B861C030072F121 /* ViewIdentityProject.entitlements */,
				178054452B861C030072F121 /* Preview Content */,
			);
			path = ViewIdentityProject;
			sourceTree = "<group>";
		};
		178054452B861C030072F121 /* Preview Content */ = {
			isa = PBXGroup;
			children = (
				178054462B861C030072F121 /* Preview Assets.xcassets */,
			);
			path = "Preview Content";
			sourceTree = "<group>";
		};
		1780544D2B861C0E0072F121 /* Model */ = {
			isa = PBXGroup;
			children = (
				178054992B861F010072F121 /* Fruit.swift */,
				1780549B2B861F0D0072F121 /* Socks.swift */,
			);
			path = Model;
			sourceTree = "<group>";
		};
		1780544E2B861C180072F121 /* Views */ = {
			isa = PBXGroup;
			children = (
				178054952B861EF00072F121 /* ViewIdentityProblemView.swift */,
				178C91812B8F45A000CD6551 /* FruitPopoverView.swift */,
				178054542B861C2D0072F121 /* ColorListView.swift */,
				178054962B861EF00072F121 /* SockTrackerView.swift */,
			);
			path = Views;
			sourceTree = "<group>";
		};
		178054512B861C210072F121 /* Helper */ = {
			isa = PBXGroup;
			children = (
				1780544F2B861C210072F121 /* Color+helper.swift */,
				178054502B861C210072F121 /* View+test.swift */,
				178054C32B8620790072F121 /* View+print.swift */,
			);
			path = Helper;
			sourceTree = "<group>";
		};
/* End PBXGroup section */

/* Begin PBXNativeTarget section */
		1780543A2B861C020072F121 /* ViewIdentityProject */ = {
			isa = PBXNativeTarget;
			buildConfigurationList = 1780544A2B861C030072F121 /* Build configuration list for PBXNativeTarget "ViewIdentityProject" */;
			buildPhases = (
				178054372B861C020072F121 /* Sources */,
				178054382B861C020072F121 /* Frameworks */,
				178054392B861C020072F121 /* Resources */,
			);
			buildRules = (
			);
			dependencies = (
			);
			name = ViewIdentityProject;
			productName = ViewIdentityProject;
			productReference = 1780543B2B861C020072F121 /* ViewIdentityProject.app */;
			productType = "com.apple.product-type.application";
		};
/* End PBXNativeTarget section */

/* Begin PBXProject section */
		178054332B861C020072F121 /* Project object */ = {
			isa = PBXProject;
			attributes = {
				BuildIndependentTargetsInParallel = 1;
				LastSwiftUpdateCheck = 1530;
				LastUpgradeCheck = 1530;
				TargetAttributes = {
					1780543A2B861C020072F121 = {
						CreatedOnToolsVersion = 15.3;
					};
				};
			};
			buildConfigurationList = 178054362B861C020072F121 /* Build configuration list for PBXProject "ViewIdentityProject" */;
			compatibilityVersion = "Xcode 14.0";
			developmentRegion = en;
			hasScannedForEncodings = 0;
			knownRegions = (
				en,
				Base,
			);
			mainGroup = 178054322B861C020072F121;
			productRefGroup = 1780543C2B861C020072F121 /* Products */;
			projectDirPath = "";
			projectRoot = "";
			targets = (
				1780543A2B861C020072F121 /* ViewIdentityProject */,
			);
		};
/* End PBXProject section */

/* Begin PBXResourcesBuildPhase section */
		178054392B861C020072F121 /* Resources */ = {
			isa = PBXResourcesBuildPhase;
			buildActionMask = 2147483647;
			files = (
				178054472B861C030072F121 /* Preview Assets.xcassets in Resources */,
				178054432B861C030072F121 /* Assets.xcassets in Resources */,
			);
			runOnlyForDeploymentPostprocessing = 0;
		};
/* End PBXResourcesBuildPhase section */

/* Begin PBXSourcesBuildPhase section */
		178054372B861C020072F121 /* Sources */ = {
			isa = PBXSourcesBuildPhase;
			buildActionMask = 2147483647;
			files = (
				178C91822B8F45A000CD6551 /* FruitPopoverView.swift in Sources */,
				1780549A2B861F010072F121 /* Fruit.swift in Sources */,
				178054532B861C210072F121 /* View+test.swift in Sources */,
				178054522B861C210072F121 /* Color+helper.swift in Sources */,
				1780549C2B861F0D0072F121 /* Socks.swift in Sources */,
				178054C42B8620790072F121 /* View+print.swift in Sources */,
				178054972B861EF00072F121 /* ViewIdentityProblemView.swift in Sources */,
				1780543F2B861C020072F121 /* ViewIdentityProjectApp.swift in Sources */,
				178054982B861EF00072F121 /* SockTrackerView.swift in Sources */,
				178054552B861C2D0072F121 /* ColorListView.swift in Sources */,
			);
			runOnlyForDeploymentPostprocessing = 0;
		};
/* End PBXSourcesBuildPhase section */

/* Begin XCBuildConfiguration section */
		178054482B861C030072F121 /* Debug */ = {
			isa = XCBuildConfiguration;
			buildSettings = {
				ALWAYS_SEARCH_USER_PATHS = NO;
				ASSETCATALOG_COMPILER_GENERATE_SWIFT_ASSET_SYMBOL_EXTENSIONS = YES;
				CLANG_ANALYZER_NONNULL = YES;
				CLANG_ANALYZER_NUMBER_OBJECT_CONVERSION = YES_AGGRESSIVE;
				CLANG_CXX_LANGUAGE_STANDARD = "gnu++20";
				CLANG_ENABLE_MODULES = YES;
				CLANG_ENABLE_OBJC_ARC = YES;
				CLANG_ENABLE_OBJC_WEAK = YES;
				CLANG_WARN_BLOCK_CAPTURE_AUTORELEASING = YES;
				CLANG_WARN_BOOL_CONVERSION = YES;
				CLANG_WARN_COMMA = YES;
				CLANG_WARN_CONSTANT_CONVERSION = YES;
				CLANG_WARN_DEPRECATED_OBJC_IMPLEMENTATIONS = YES;
				CLANG_WARN_DIRECT_OBJC_ISA_USAGE = YES_ERROR;
				CLANG_WARN_DOCUMENTATION_COMMENTS = YES;
				CLANG_WARN_EMPTY_BODY = YES;
				CLANG_WARN_ENUM_CONVERSION = YES;
				CLANG_WARN_INFINITE_RECURSION = YES;
				CLANG_WARN_INT_CONVERSION = YES;
				CLANG_WARN_NON_LITERAL_NULL_CONVERSION = YES;
				CLANG_WARN_OBJC_IMPLICIT_RETAIN_SELF = YES;
				CLANG_WARN_OBJC_LITERAL_CONVERSION = YES;
				CLANG_WARN_OBJC_ROOT_CLASS = YES_ERROR;
				CLANG_WARN_QUOTED_INCLUDE_IN_FRAMEWORK_HEADER = YES;
				CLANG_WARN_RANGE_LOOP_ANALYSIS = YES;
				CLANG_WARN_STRICT_PROTOTYPES = YES;
				CLANG_WARN_SUSPICIOUS_MOVE = YES;
				CLANG_WARN_UNGUARDED_AVAILABILITY = YES_AGGRESSIVE;
				CLANG_WARN_UNREACHABLE_CODE = YES;
				CLANG_WARN__DUPLICATE_METHOD_MATCH = YES;
				COPY_PHASE_STRIP = NO;
				DEBUG_INFORMATION_FORMAT = dwarf;
				ENABLE_STRICT_OBJC_MSGSEND = YES;
				ENABLE_TESTABILITY = YES;
				ENABLE_USER_SCRIPT_SANDBOXING = YES;
				GCC_C_LANGUAGE_STANDARD = gnu17;
				GCC_DYNAMIC_NO_PIC = NO;
				GCC_NO_COMMON_BLOCKS = YES;
				GCC_OPTIMIZATION_LEVEL = 0;
				GCC_PREPROCESSOR_DEFINITIONS = (
					"DEBUG=1",
					"$(inherited)",
				);
				GCC_WARN_64_TO_32_BIT_CONVERSION = YES;
				GCC_WARN_ABOUT_RETURN_TYPE = YES_ERROR;
				GCC_WARN_UNDECLARED_SELECTOR = YES;
				GCC_WARN_UNINITIALIZED_AUTOS = YES_AGGRESSIVE;
				GCC_WARN_UNUSED_FUNCTION = YES;
				GCC_WARN_UNUSED_VARIABLE = YES;
				LOCALIZATION_PREFERS_STRING_CATALOGS = YES;
				MTL_ENABLE_DEBUG_INFO = INCLUDE_SOURCE;
				MTL_FAST_MATH = YES;
				ONLY_ACTIVE_ARCH = YES;
				SWIFT_ACTIVE_COMPILATION_CONDITIONS = "DEBUG $(inherited)";
				SWIFT_OPTIMIZATION_LEVEL = "-Onone";
			};
			name = Debug;
		};
		178054492B861C030072F121 /* Release */ = {
			isa = XCBuildConfiguration;
			buildSettings = {
				ALWAYS_SEARCH_USER_PATHS = NO;
				ASSETCATALOG_COMPILER_GENERATE_SWIFT_ASSET_SYMBOL_EXTENSIONS = YES;
				CLANG_ANALYZER_NONNULL = YES;
				CLANG_ANALYZER_NUMBER_OBJECT_CONVERSION = YES_AGGRESSIVE;
				CLANG_CXX_LANGUAGE_STANDARD = "gnu++20";
				CLANG_ENABLE_MODULES = YES;
				CLANG_ENABLE_OBJC_ARC = YES;
				CLANG_ENABLE_OBJC_WEAK = YES;
				CLANG_WARN_BLOCK_CAPTURE_AUTORELEASING = YES;
				CLANG_WARN_BOOL_CONVERSION = YES;
				CLANG_WARN_COMMA = YES;
				CLANG_WARN_CONSTANT_CONVERSION = YES;
				CLANG_WARN_DEPRECATED_OBJC_IMPLEMENTATIONS = YES;
				CLANG_WARN_DIRECT_OBJC_ISA_USAGE = YES_ERROR;
				CLANG_WARN_DOCUMENTATION_COMMENTS = YES;
				CLANG_WARN_EMPTY_BODY = YES;
				CLANG_WARN_ENUM_CONVERSION = YES;
				CLANG_WARN_INFINITE_RECURSION = YES;
				CLANG_WARN_INT_CONVERSION = YES;
				CLANG_WARN_NON_LITERAL_NULL_CONVERSION = YES;
				CLANG_WARN_OBJC_IMPLICIT_RETAIN_SELF = YES;
				CLANG_WARN_OBJC_LITERAL_CONVERSION = YES;
				CLANG_WARN_OBJC_ROOT_CLASS = YES_ERROR;
				CLANG_WARN_QUOTED_INCLUDE_IN_FRAMEWORK_HEADER = YES;
				CLANG_WARN_RANGE_LOOP_ANALYSIS = YES;
				CLANG_WARN_STRICT_PROTOTYPES = YES;
				CLANG_WARN_SUSPICIOUS_MOVE = YES;
				CLANG_WARN_UNGUARDED_AVAILABILITY = YES_AGGRESSIVE;
				CLANG_WARN_UNREACHABLE_CODE = YES;
				CLANG_WARN__DUPLICATE_METHOD_MATCH = YES;
				COPY_PHASE_STRIP = NO;
				DEBUG_INFORMATION_FORMAT = "dwarf-with-dsym";
				ENABLE_NS_ASSERTIONS = NO;
				ENABLE_STRICT_OBJC_MSGSEND = YES;
				ENABLE_USER_SCRIPT_SANDBOXING = YES;
				GCC_C_LANGUAGE_STANDARD = gnu17;
				GCC_NO_COMMON_BLOCKS = YES;
				GCC_WARN_64_TO_32_BIT_CONVERSION = YES;
				GCC_WARN_ABOUT_RETURN_TYPE = YES_ERROR;
				GCC_WARN_UNDECLARED_SELECTOR = YES;
				GCC_WARN_UNINITIALIZED_AUTOS = YES_AGGRESSIVE;
				GCC_WARN_UNUSED_FUNCTION = YES;
				GCC_WARN_UNUSED_VARIABLE = YES;
				LOCALIZATION_PREFERS_STRING_CATALOGS = YES;
				MTL_ENABLE_DEBUG_INFO = NO;
				MTL_FAST_MATH = YES;
				SWIFT_COMPILATION_MODE = wholemodule;
			};
			name = Release;
		};
		1780544B2B861C030072F121 /* Debug */ = {
			isa = XCBuildConfiguration;
			buildSettings = {
				ASSETCATALOG_COMPILER_APPICON_NAME = AppIcon;
				ASSETCATALOG_COMPILER_GLOBAL_ACCENT_COLOR_NAME = AccentColor;
				CODE_SIGN_ENTITLEMENTS = ViewIdentityProject/ViewIdentityProject.entitlements;
				CODE_SIGN_STYLE = Automatic;
				CURRENT_PROJECT_VERSION = 1;
				DEVELOPMENT_ASSET_PATHS = "\"ViewIdentityProject/Preview Content\"";
				DEVELOPMENT_TEAM = 54YLWD89Z8;
				ENABLE_HARDENED_RUNTIME = YES;
				ENABLE_PREVIEWS = YES;
				GENERATE_INFOPLIST_FILE = YES;
				"INFOPLIST_KEY_UIApplicationSceneManifest_Generation[sdk=iphoneos*]" = YES;
				"INFOPLIST_KEY_UIApplicationSceneManifest_Generation[sdk=iphonesimulator*]" = YES;
				"INFOPLIST_KEY_UIApplicationSupportsIndirectInputEvents[sdk=iphoneos*]" = YES;
				"INFOPLIST_KEY_UIApplicationSupportsIndirectInputEvents[sdk=iphonesimulator*]" = YES;
				"INFOPLIST_KEY_UILaunchScreen_Generation[sdk=iphoneos*]" = YES;
				"INFOPLIST_KEY_UILaunchScreen_Generation[sdk=iphonesimulator*]" = YES;
				"INFOPLIST_KEY_UIStatusBarStyle[sdk=iphoneos*]" = UIStatusBarStyleDefault;
				"INFOPLIST_KEY_UIStatusBarStyle[sdk=iphonesimulator*]" = UIStatusBarStyleDefault;
				INFOPLIST_KEY_UISupportedInterfaceOrientations_iPad = "UIInterfaceOrientationPortrait UIInterfaceOrientationPortraitUpsideDown UIInterfaceOrientationLandscapeLeft UIInterfaceOrientationLandscapeRight";
				INFOPLIST_KEY_UISupportedInterfaceOrientations_iPhone = "UIInterfaceOrientationPortrait UIInterfaceOrientationLandscapeLeft UIInterfaceOrientationLandscapeRight";
				IPHONEOS_DEPLOYMENT_TARGET = 17.4;
				LD_RUNPATH_SEARCH_PATHS = "@executable_path/Frameworks";
				"LD_RUNPATH_SEARCH_PATHS[sdk=macosx*]" = "@executable_path/../Frameworks";
				MACOSX_DEPLOYMENT_TARGET = 14.3;
				MARKETING_VERSION = 1.0;
				PRODUCT_BUNDLE_IDENTIFIER = com.karinprater.ViewIdentityProject;
				PRODUCT_NAME = "$(TARGET_NAME)";
				SDKROOT = auto;
				SUPPORTED_PLATFORMS = "iphoneos iphonesimulator macosx";
				SWIFT_EMIT_LOC_STRINGS = YES;
				SWIFT_VERSION = 5.0;
				TARGETED_DEVICE_FAMILY = "1,2";
			};
			name = Debug;
		};
		1780544C2B861C030072F121 /* Release */ = {
			isa = XCBuildConfiguration;
			buildSettings = {
				ASSETCATALOG_COMPILER_APPICON_NAME = AppIcon;
				ASSETCATALOG_COMPILER_GLOBAL_ACCENT_COLOR_NAME = AccentColor;
				CODE_SIGN_ENTITLEMENTS = ViewIdentityProject/ViewIdentityProject.entitlements;
				CODE_SIGN_STYLE = Automatic;
				CURRENT_PROJECT_VERSION = 1;
				DEVELOPMENT_ASSET_PATHS = "\"ViewIdentityProject/Preview Content\"";
				DEVELOPMENT_TEAM = 54YLWD89Z8;
				ENABLE_HARDENED_RUNTIME = YES;
				ENABLE_PREVIEWS = YES;
				GENERATE_INFOPLIST_FILE = YES;
				"INFOPLIST_KEY_UIApplicationSceneManifest_Generation[sdk=iphoneos*]" = YES;
				"INFOPLIST_KEY_UIApplicationSceneManifest_Generation[sdk=iphonesimulator*]" = YES;
				"INFOPLIST_KEY_UIApplicationSupportsIndirectInputEvents[sdk=iphoneos*]" = YES;
				"INFOPLIST_KEY_UIApplicationSupportsIndirectInputEvents[sdk=iphonesimulator*]" = YES;
				"INFOPLIST_KEY_UILaunchScreen_Generation[sdk=iphoneos*]" = YES;
				"INFOPLIST_KEY_UILaunchScreen_Generation[sdk=iphonesimulator*]" = YES;
				"INFOPLIST_KEY_UIStatusBarStyle[sdk=iphoneos*]" = UIStatusBarStyleDefault;
				"INFOPLIST_KEY_UIStatusBarStyle[sdk=iphonesimulator*]" = UIStatusBarStyleDefault;
				INFOPLIST_KEY_UISupportedInterfaceOrientations_iPad = "UIInterfaceOrientationPortrait UIInterfaceOrientationPortraitUpsideDown UIInterfaceOrientationLandscapeLeft UIInterfaceOrientationLandscapeRight";
				INFOPLIST_KEY_UISupportedInterfaceOrientations_iPhone = "UIInterfaceOrientationPortrait UIInterfaceOrientationLandscapeLeft UIInterfaceOrientationLandscapeRight";
				IPHONEOS_DEPLOYMENT_TARGET = 17.4;
				LD_RUNPATH_SEARCH_PATHS = "@executable_path/Frameworks";
				"LD_RUNPATH_SEARCH_PATHS[sdk=macosx*]" = "@executable_path/../Frameworks";
				MACOSX_DEPLOYMENT_TARGET = 14.3;
				MARKETING_VERSION = 1.0;
				PRODUCT_BUNDLE_IDENTIFIER = com.karinprater.ViewIdentityProject;
				PRODUCT_NAME = "$(TARGET_NAME)";
				SDKROOT = auto;
				SUPPORTED_PLATFORMS = "iphoneos iphonesimulator macosx";
				SWIFT_EMIT_LOC_STRINGS = YES;
				SWIFT_VERSION = 5.0;
				TARGETED_DEVICE_FAMILY = "1,2";
			};
			name = Release;
		};
/* End XCBuildConfiguration section */

/* Begin XCConfigurationList section */
		178054362B861C020072F121 /* Build configuration list for PBXProject "ViewIdentityProject" */ = {
			isa = XCConfigurationList;
			buildConfigurations = (
				178054482B861C030072F121 /* Debug */,
				178054492B861C030072F121 /* Release */,
			);
			defaultConfigurationIsVisible = 0;
			defaultConfigurationName = Release;
		};
		1780544A2B861C030072F121 /* Build configuration list for PBXNativeTarget "ViewIdentityProject" */ = {
			isa = XCConfigurationList;
			buildConfigurations = (
				1780544B2B861C030072F121 /* Debug */,
				1780544C2B861C030072F121 /* Release */,
			);
			defaultConfigurationIsVisible = 0;
			defaultConfigurationName = Release;
		};
/* End XCConfigurationList section */
	};
	rootObject = 178054332B861C020072F121 /* Project object */;
}
